
Microsoft Visual Studio Solution File, Format Version 12.00
Project("{2150E333-8FDC-42A3-9474-1A3956D46DE8}") = "Frontent", "Frontent", "{A82D05AB-B959-492A-8337-F67D306117D4}"
EndProject
Project("{2150E333-8FDC-42A3-9474-1A3956D46DE8}") = "Backend", "Backend", "{954839E9-55E5-4131-A832-0BF7C5508AE0}"
EndProject
Project("{FAE04EC0-301F-11D3-BF4B-00C04F79EFBC}") = "WebApi", "Backend\WebApi\WebApi.csproj", "{142D6188-6FE4-42E2-A7A5-8F77ABFC8F68}"
EndProject
Project("{FAE04EC0-301F-11D3-BF4B-00C04F79EFBC}") = "WebUI", "Frontent\WebUI\WebUI.csproj", "{7DC74AF7-A121-4165-9167-943EED16E752}"
EndProject
Project("{FAE04EC0-301F-11D3-BF4B-00C04F79EFBC}") = "BusinessLayer", "Backend\BusinessLayer\BusinessLayer.csproj", "{DA74123E-9FD9-4C17-AEC6-ECCC6222E1D5}"
EndProject
Project("{FAE04EC0-301F-11D3-BF4B-00C04F79EFBC}") = "DataAccessLayer", "Backend\DataAccessLayer\DataAccessLayer.csproj", "{3C84A4C2-1B1D-47EB-AD34-12CAA216BBBE}"
EndProject
Project("{FAE04EC0-301F-11D3-BF4B-00C04F79EFBC}") = "EntityLayer", "Backend\EntityLayer\EntityLayer.csproj", "{9838FCE7-B9D9-4EE0-ADC6-DBB55CE75866}"
EndProject
Project("{FAE04EC0-301F-11D3-BF4B-00C04F79EFBC}") = "DtoLayer", "Backend\DtoLayer\DtoLayer.csproj", "{9AF902CA-8529-4205-9E93-6003992BFB88}"
EndProject
Global
	GlobalSection(SolutionConfigurationPlatforms) = preSolution
		Debug|Any CPU = Debug|Any CPU
		Release|Any CPU = Release|Any CPU
	EndGlobalSection
	GlobalSection(ProjectConfigurationPlatforms) = postSolution
		{142D6188-6FE4-42E2-A7A5-8F77ABFC8F68}.Debug|Any CPU.ActiveCfg = Debug|Any CPU
		{142D6188-6FE4-42E2-A7A5-8F77ABFC8F68}.Debug|Any CPU.Build.0 = Debug|Any CPU
		{142D6188-6FE4-42E2-A7A5-8F77ABFC8F68}.Release|Any CPU.ActiveCfg = Release|Any CPU
		{142D6188-6FE4-42E2-A7A5-8F77ABFC8F68}.Release|Any CPU.Build.0 = Release|Any CPU
		{7DC74AF7-A121-4165-9167-943EED16E752}.Debug|Any CPU.ActiveCfg = Debug|Any CPU
		{7DC74AF7-A121-4165-9167-943EED16E752}.Debug|Any CPU.Build.0 = Debug|Any CPU
		{7DC74AF7-A121-4165-9167-943EED16E752}.Release|Any CPU.ActiveCfg = Release|Any CPU
		{7DC74AF7-A121-4165-9167-943EED16E752}.Release|Any CPU.Build.0 = Release|Any CPU
		{DA74123E-9FD9-4C17-AEC6-ECCC6222E1D5}.Debug|Any CPU.ActiveCfg = Debug|Any CPU
		{DA74123E-9FD9-4C17-AEC6-ECCC6222E1D5}.Debug|Any CPU.Build.0 = Debug|Any CPU
		{DA74123E-9FD9-4C17-AEC6-ECCC6222E1D5}.Release|Any CPU.ActiveCfg = Release|Any CPU
		{DA74123E-9FD9-4C17-AEC6-ECCC6222E1D5}.Release|Any CPU.Build.0 = Release|Any CPU
		{3C84A4C2-1B1D-47EB-AD34-12CAA216BBBE}.Debug|Any CPU.ActiveCfg = Debug|Any CPU
		{3C84A4C2-1B1D-47EB-AD34-12CAA216BBBE}.Debug|Any CPU.Build.0 = Debug|Any CPU
		{3C84A4C2-1B1D-47EB-AD34-12CAA216BBBE}.Release|Any CPU.ActiveCfg = Release|Any CPU
		{3C84A4C2-1B1D-47EB-AD34-12CAA216BBBE}.Release|Any CPU.Build.0 = Release|Any CPU
		{9838FCE7-B9D9-4EE0-ADC6-DBB55CE75866}.Debug|Any CPU.ActiveCfg = Debug|Any CPU
		{9838FCE7-B9D9-4EE0-ADC6-DBB55CE75866}.Debug|Any CPU.Build.0 = Debug|Any CPU
		{9838FCE7-B9D9-4EE0-ADC6-DBB55CE75866}.Release|Any CPU.ActiveCfg = Release|Any CPU
		{9838FCE7-B9D9-4EE0-ADC6-DBB55CE75866}.Release|Any CPU.Build.0 = Release|Any CPU
		{9AF902CA-8529-4205-9E93-6003992BFB88}.Debug|Any CPU.ActiveCfg = Debug|Any CPU
		{9AF902CA-8529-4205-9E93-6003992BFB88}.Debug|Any CPU.Build.0 = Debug|Any CPU
		{9AF902CA-8529-4205-9E93-6003992BFB88}.Release|Any CPU.ActiveCfg = Release|Any CPU
		{9AF902CA-8529-4205-9E93-6003992BFB88}.Release|Any CPU.Build.0 = Release|Any CPU
	EndGlobalSection
	GlobalSection(NestedProjects) = preSolution
		{142D6188-6FE4-42E2-A7A5-8F77ABFC8F68} = {954839E9-55E5-4131-A832-0BF7C5508AE0}
		{7DC74AF7-A121-4165-9167-943EED16E752} = {A82D05AB-B959-492A-8337-F67D306117D4}
		{DA74123E-9FD9-4C17-AEC6-ECCC6222E1D5} = {954839E9-55E5-4131-A832-0BF7C5508AE0}
		{3C84A4C2-1B1D-47EB-AD34-12CAA216BBBE} = {954839E9-55E5-4131-A832-0BF7C5508AE0}
		{9838FCE7-B9D9-4EE0-ADC6-DBB55CE75866} = {954839E9-55E5-4131-A832-0BF7C5508AE0}
		{9AF902CA-8529-4205-9E93-6003992BFB88} = {954839E9-55E5-4131-A832-0BF7C5508AE0}
	EndGlobalSection
EndGlobal
